
Microsoft Visual Studio Solution File, Format Version 12.00
# Visual Studio Version 17
VisualStudioVersion = 17.5.33516.290
MinimumVisualStudioVersion = 10.0.40219.1
Project("{9A19103F-16F7-4668-BE54-9A1E7A4F7556}") = "Test_MTS", "Test_MTS\Test_MTS.csproj", "{6023FF7A-75C2-4CF1-BEA7-0369F12B0C6A}"
EndProject
Project("{9A19103F-16F7-4668-BE54-9A1E7A4F7556}") = "home_1", "home_1\home_1.csproj", "{2C21490A-496A-40AE-B03A-D610278CEC6C}"
EndProject
Project("{9A19103F-16F7-4668-BE54-9A1E7A4F7556}") = "home_2", "home2\home_2.csproj", "{A058761D-06F7-4179-97E6-85907847D73F}"
EndProject
Project("{9A19103F-16F7-4668-BE54-9A1E7A4F7556}") = "home_3", "home_3\home_3.csproj", "{6EE0EFFC-96B1-47A4-A134-97C1AD705334}"
EndProject
Project("{9A19103F-16F7-4668-BE54-9A1E7A4F7556}") = "home_4", "home_4\home_4.csproj", "{B923D235-60F4-4134-9074-B177B93F1F8A}"
EndProject
Project("{FAE04EC0-301F-11D3-BF4B-00C04F79EFBC}") = "home_5", "home_5\home_5.csproj", "{699FB363-FA45-43D9-AE44-1DFD315756DA}"
EndProject
Project("{FAE04EC0-301F-11D3-BF4B-00C04F79EFBC}") = "home_6", "home_6\home_6.csproj", "{9A796E7A-3925-4FBF-8851-AABCE62AC8AA}"
EndProject
Project("{FAE04EC0-301F-11D3-BF4B-00C04F79EFBC}") = "home_7", "home_7\home_7.csproj", "{C9B5239A-D6E7-47FF-9DB0-8904D9100F4B}"
EndProject
Project("{FAE04EC0-301F-11D3-BF4B-00C04F79EFBC}") = "home_8", "home_8\home_8.csproj", "{D976D056-9389-409D-A1F0-E1D4649D056D}"
EndProject
Global
	GlobalSection(SolutionConfigurationPlatforms) = preSolution
		Debug|Any CPU = Debug|Any CPU
		Release|Any CPU = Release|Any CPU
	EndGlobalSection
	GlobalSection(ProjectConfigurationPlatforms) = postSolution
		{6023FF7A-75C2-4CF1-BEA7-0369F12B0C6A}.Debug|Any CPU.ActiveCfg = Debug|Any CPU
		{6023FF7A-75C2-4CF1-BEA7-0369F12B0C6A}.Debug|Any CPU.Build.0 = Debug|Any CPU
		{6023FF7A-75C2-4CF1-BEA7-0369F12B0C6A}.Release|Any CPU.ActiveCfg = Release|Any CPU
		{6023FF7A-75C2-4CF1-BEA7-0369F12B0C6A}.Release|Any CPU.Build.0 = Release|Any CPU
		{2C21490A-496A-40AE-B03A-D610278CEC6C}.Debug|Any CPU.ActiveCfg = Debug|Any CPU
		{2C21490A-496A-40AE-B03A-D610278CEC6C}.Debug|Any CPU.Build.0 = Debug|Any CPU
		{2C21490A-496A-40AE-B03A-D610278CEC6C}.Release|Any CPU.ActiveCfg = Release|Any CPU
		{2C21490A-496A-40AE-B03A-D610278CEC6C}.Release|Any CPU.Build.0 = Release|Any CPU
		{A058761D-06F7-4179-97E6-85907847D73F}.Debug|Any CPU.ActiveCfg = Debug|Any CPU
		{A058761D-06F7-4179-97E6-85907847D73F}.Debug|Any CPU.Build.0 = Debug|Any CPU
		{A058761D-06F7-4179-97E6-85907847D73F}.Release|Any CPU.ActiveCfg = Release|Any CPU
		{A058761D-06F7-4179-97E6-85907847D73F}.Release|Any CPU.Build.0 = Release|Any CPU
		{6EE0EFFC-96B1-47A4-A134-97C1AD705334}.Debug|Any CPU.ActiveCfg = Debug|Any CPU
		{6EE0EFFC-96B1-47A4-A134-97C1AD705334}.Debug|Any CPU.Build.0 = Debug|Any CPU
		{6EE0EFFC-96B1-47A4-A134-97C1AD705334}.Release|Any CPU.ActiveCfg = Release|Any CPU
		{6EE0EFFC-96B1-47A4-A134-97C1AD705334}.Release|Any CPU.Build.0 = Release|Any CPU
		{B923D235-60F4-4134-9074-B177B93F1F8A}.Debug|Any CPU.ActiveCfg = Debug|Any CPU
		{B923D235-60F4-4134-9074-B177B93F1F8A}.Debug|Any CPU.Build.0 = Debug|Any CPU
		{B923D235-60F4-4134-9074-B177B93F1F8A}.Release|Any CPU.ActiveCfg = Release|Any CPU
		{B923D235-60F4-4134-9074-B177B93F1F8A}.Release|Any CPU.Build.0 = Release|Any CPU
		{699FB363-FA45-43D9-AE44-1DFD315756DA}.Debug|Any CPU.ActiveCfg = Debug|Any CPU
		{699FB363-FA45-43D9-AE44-1DFD315756DA}.Debug|Any CPU.Build.0 = Debug|Any CPU
		{699FB363-FA45-43D9-AE44-1DFD315756DA}.Release|Any CPU.ActiveCfg = Release|Any CPU
		{699FB363-FA45-43D9-AE44-1DFD315756DA}.Release|Any CPU.Build.0 = Release|Any CPU
		{9A796E7A-3925-4FBF-8851-AABCE62AC8AA}.Debug|Any CPU.ActiveCfg = Debug|Any CPU
		{9A796E7A-3925-4FBF-8851-AABCE62AC8AA}.Debug|Any CPU.Build.0 = Debug|Any CPU
		{9A796E7A-3925-4FBF-8851-AABCE62AC8AA}.Release|Any CPU.ActiveCfg = Release|Any CPU
		{9A796E7A-3925-4FBF-8851-AABCE62AC8AA}.Release|Any CPU.Build.0 = Release|Any CPU
		{C9B5239A-D6E7-47FF-9DB0-8904D9100F4B}.Debug|Any CPU.ActiveCfg = Debug|Any CPU
		{C9B5239A-D6E7-47FF-9DB0-8904D9100F4B}.Debug|Any CPU.Build.0 = Debug|Any CPU
		{C9B5239A-D6E7-47FF-9DB0-8904D9100F4B}.Release|Any CPU.ActiveCfg = Release|Any CPU
		{C9B5239A-D6E7-47FF-9DB0-8904D9100F4B}.Release|Any CPU.Build.0 = Release|Any CPU
		{D976D056-9389-409D-A1F0-E1D4649D056D}.Debug|Any CPU.ActiveCfg = Debug|Any CPU
		{D976D056-9389-409D-A1F0-E1D4649D056D}.Debug|Any CPU.Build.0 = Debug|Any CPU
		{D976D056-9389-409D-A1F0-E1D4649D056D}.Release|Any CPU.ActiveCfg = Release|Any CPU
		{D976D056-9389-409D-A1F0-E1D4649D056D}.Release|Any CPU.Build.0 = Release|Any CPU
	EndGlobalSection
	GlobalSection(SolutionProperties) = preSolution
		HideSolutionNode = FALSE
	EndGlobalSection
	GlobalSection(ExtensibilityGlobals) = postSolution
		SolutionGuid = {64B1108E-0499-44FE-9675-03C0C500641F}
	EndGlobalSection
EndGlobal
